// !$*UTF8*$!
{
	archiveVersion = 1;
	classes = {
	};
	objectVersion = 50;
	objects = {

/* Begin PBXBuildFile section */
		5336264526FC14EE002AF902 /* StoryManager.swift in Sources */ = {isa = PBXBuildFile; fileRef = 5336264426FC14EE002AF902 /* StoryManager.swift */; };
		5336264B26FC176F002AF902 /* ShinyButton.swift in Sources */ = {isa = PBXBuildFile; fileRef = 5336264A26FC176F002AF902 /* ShinyButton.swift */; };
		539DD3BB26F2D0C200338982 /* AppDelegate.swift in Sources */ = {isa = PBXBuildFile; fileRef = 539DD3BA26F2D0C200338982 /* AppDelegate.swift */; };
		539DD3BD26F2D0C200338982 /* SceneDelegate.swift in Sources */ = {isa = PBXBuildFile; fileRef = 539DD3BC26F2D0C200338982 /* SceneDelegate.swift */; };
		539DD3BF26F2D0C200338982 /* ViewController.swift in Sources */ = {isa = PBXBuildFile; fileRef = 539DD3BE26F2D0C200338982 /* ViewController.swift */; };
		539DD3C226F2D0C200338982 /* Main.storyboard in Resources */ = {isa = PBXBuildFile; fileRef = 539DD3C026F2D0C200338982 /* Main.storyboard */; };
		539DD3C426F2D0C500338982 /* Assets.xcassets in Resources */ = {isa = PBXBuildFile; fileRef = 539DD3C326F2D0C500338982 /* Assets.xcassets */; };
		539DD3C726F2D0C500338982 /* LaunchScreen.storyboard in Resources */ = {isa = PBXBuildFile; fileRef = 539DD3C526F2D0C500338982 /* LaunchScreen.storyboard */; };
		539DD3CF26F2E38300338982 /* MadLibsViewController.swift in Sources */ = {isa = PBXBuildFile; fileRef = 539DD3CE26F2E38300338982 /* MadLibsViewController.swift */; };
/* End PBXBuildFile section */

/* Begin PBXFileReference section */
		5336264426FC14EE002AF902 /* StoryManager.swift */ = {isa = PBXFileReference; lastKnownFileType = sourcecode.swift; path = StoryManager.swift; sourceTree = "<group>"; };
		5336264A26FC176F002AF902 /* ShinyButton.swift */ = {isa = PBXFileReference; lastKnownFileType = sourcecode.swift; path = ShinyButton.swift; sourceTree = "<group>"; };
		539DD3B726F2D0C200338982 /* MadLibsDemo.app */ = {isa = PBXFileReference; explicitFileType = wrapper.application; includeInIndex = 0; path = MadLibsDemo.app; sourceTree = BUILT_PRODUCTS_DIR; };
		539DD3BA26F2D0C200338982 /* AppDelegate.swift */ = {isa = PBXFileReference; lastKnownFileType = sourcecode.swift; path = AppDelegate.swift; sourceTree = "<group>"; };
		539DD3BC26F2D0C200338982 /* SceneDelegate.swift */ = {isa = PBXFileReference; lastKnownFileType = sourcecode.swift; path = SceneDelegate.swift; sourceTree = "<group>"; };
		539DD3BE26F2D0C200338982 /* ViewController.swift */ = {isa = PBXFileReference; lastKnownFileType = sourcecode.swift; path = ViewController.swift; sourceTree = "<group>"; };
		539DD3C126F2D0C200338982 /* Base */ = {isa = PBXFileReference; lastKnownFileType = file.storyboard; name = Base; path = Base.lproj/Main.storyboard; sourceTree = "<group>"; };
		539DD3C326F2D0C500338982 /* Assets.xcassets */ = {isa = PBXFileReference; lastKnownFileType = folder.assetcatalog; path = Assets.xcassets; sourceTree = "<group>"; };
		539DD3C626F2D0C500338982 /* Base */ = {isa = PBXFileReference; lastKnownFileType = file.storyboard; name = Base; path = Base.lproj/LaunchScreen.storyboard; sourceTree = "<group>"; };
		539DD3C826F2D0C500338982 /* Info.plist */ = {isa = PBXFileReference; lastKnownFileType = text.plist.xml; path = Info.plist; sourceTree = "<group>"; };
		539DD3CE26F2E38300338982 /* MadLibsViewController.swift */ = {isa = PBXFileReference; lastKnownFileType = sourcecode.swift; path = MadLibsViewController.swift; sourceTree = "<group>"; };
/* End PBXFileReference section */

/* Begin PBXFrameworksBuildPhase section */
		539DD3B426F2D0C200338982 /* Frameworks */ = {
			isa = PBXFrameworksBuildPhase;
			buildActionMask = 2147483647;
			files = (
			);
			runOnlyForDeploymentPostprocessing = 0;
		};
/* End PBXFrameworksBuildPhase section */

/* Begin PBXGroup section */
		5336264626FC154D002AF902 /* Model */ = {
			isa = PBXGroup;
			children = (
				5336264426FC14EE002AF902 /* StoryManager.swift */,
			);
			path = Model;
			sourceTree = "<group>";
		};
		5336264726FC1551002AF902 /* View */ = {
			isa = PBXGroup;
			children = (
				539DD3C026F2D0C200338982 /* Main.storyboard */,
				539DD3C526F2D0C500338982 /* LaunchScreen.storyboard */,
				5336264A26FC176F002AF902 /* ShinyButton.swift */,
			);
			path = View;
			sourceTree = "<group>";
		};
		5336264826FC1555002AF902 /* Controller */ = {
			isa = PBXGroup;
			children = (
				539DD3BE26F2D0C200338982 /* ViewController.swift */,
				539DD3CE26F2E38300338982 /* MadLibsViewController.swift */,
			);
			path = Controller;
			sourceTree = "<group>";
		};
		5336264926FC155D002AF902 /* Supporting Files */ = {
			isa = PBXGroup;
			children = (
				539DD3BA26F2D0C200338982 /* AppDelegate.swift */,
				539DD3BC26F2D0C200338982 /* SceneDelegate.swift */,
			);
			path = "Supporting Files";
			sourceTree = "<group>";
		};
		539DD3AE26F2D0C200338982 = {
			isa = PBXGroup;
			children = (
				539DD3B926F2D0C200338982 /* MadLibsDemo */,
				539DD3B826F2D0C200338982 /* Products */,
			);
			sourceTree = "<group>";
		};
		539DD3B826F2D0C200338982 /* Products */ = {
			isa = PBXGroup;
			children = (
				539DD3B726F2D0C200338982 /* MadLibsDemo.app */,
			);
			name = Products;
			sourceTree = "<group>";
		};
		539DD3B926F2D0C200338982 /* MadLibsDemo */ = {
			isa = PBXGroup;
			children = (
				5336264926FC155D002AF902 /* Supporting Files */,
				5336264826FC1555002AF902 /* Controller */,
				5336264726FC1551002AF902 /* View */,
				5336264626FC154D002AF902 /* Model */,
				539DD3C326F2D0C500338982 /* Assets.xcassets */,
				539DD3C826F2D0C500338982 /* Info.plist */,
			);
			path = MadLibsDemo;
			sourceTree = "<group>";
		};
/* End PBXGroup section */

/* Begin PBXNativeTarget section */
		539DD3B626F2D0C200338982 /* MadLibsDemo */ = {
			isa = PBXNativeTarget;
			buildConfigurationList = 539DD3CB26F2D0C500338982 /* Build configuration list for PBXNativeTarget "MadLibsDemo" */;
			buildPhases = (
				539DD3B326F2D0C200338982 /* Sources */,
				539DD3B426F2D0C200338982 /* Frameworks */,
				539DD3B526F2D0C200338982 /* Resources */,
			);
			buildRules = (
			);
			dependencies = (
			);
			name = MadLibsDemo;
			productName = MadLibsDemo;
			productReference = 539DD3B726F2D0C200338982 /* MadLibsDemo.app */;
			productType = "com.apple.product-type.application";
		};
/* End PBXNativeTarget section */

/* Begin PBXProject section */
		539DD3AF26F2D0C200338982 /* Project object */ = {
			isa = PBXProject;
			attributes = {
				LastSwiftUpdateCheck = 1250;
				LastUpgradeCheck = 1250;
				TargetAttributes = {
					539DD3B626F2D0C200338982 = {
						CreatedOnToolsVersion = 12.5.1;
					};
				};
			};
			buildConfigurationList = 539DD3B226F2D0C200338982 /* Build configuration list for PBXProject "MadLibsDemo" */;
			compatibilityVersion = "Xcode 9.3";
			developmentRegion = en;
			hasScannedForEncodings = 0;
			knownRegions = (
				en,
				Base,
			);
			mainGroup = 539DD3AE26F2D0C200338982;
			productRefGroup = 539DD3B826F2D0C200338982 /* Products */;
			projectDirPath = "";
			projectRoot = "";
			targets = (
				539DD3B626F2D0C200338982 /* MadLibsDemo */,
			);
		};
/* End PBXProject section */

/* Begin PBXResourcesBuildPhase section */
		539DD3B526F2D0C200338982 /* Resources */ = {
			isa = PBXResourcesBuildPhase;
			buildActionMask = 2147483647;
			files = (
				539DD3C726F2D0C500338982 /* LaunchScreen.storyboard in Resources */,
				539DD3C426F2D0C500338982 /* Assets.xcassets in Resources */,
				539DD3C226F2D0C200338982 /* Main.storyboard in Resources */,
			);
			runOnlyForDeploymentPostprocessing = 0;
		};
/* End PBXResourcesBuildPhase section */

/* Begin PBXSourcesBuildPhase section */
		539DD3B326F2D0C200338982 /* Sources */ = {
			isa = PBXSourcesBuildPhase;
			buildActionMask = 2147483647;
			files = (
				539DD3BF26F2D0C200338982 /* ViewController.swift in Sources */,
				539DD3CF26F2E38300338982 /* MadLibsViewController.swift in Sources */,
				539DD3BB26F2D0C200338982 /* AppDelegate.swift in Sources */,
				5336264B26FC176F002AF902 /* ShinyButton.swift in Sources */,
				5336264526FC14EE002AF902 /* StoryManager.swift in Sources */,
				539DD3BD26F2D0C200338982 /* SceneDelegate.swift in Sources */,
			);
			runOnlyForDeploymentPostprocessing = 0;
		};
/* End PBXSourcesBuildPhase section */

/* Begin PBXVariantGroup section */
		539DD3C026F2D0C200338982 /* Main.storyboard */ = {
			isa = PBXVariantGroup;
			children = (
				539DD3C126F2D0C200338982 /* Base */,
			);
			name = Main.storyboard;
			sourceTree = "<group>";
		};
		539DD3C526F2D0C500338982 /* LaunchScreen.storyboard */ = {
			isa = PBXVariantGroup;
			children = (
				539DD3C626F2D0C500338982 /* Base */,
			);
			name = LaunchScreen.storyboard;
			sourceTree = "<group>";
		};
/* End PBXVariantGroup section */

/* Begin XCBuildConfiguration section */
		539DD3C926F2D0C500338982 /* Debug */ = {
			isa = XCBuildConfiguration;
			buildSettings = {
				ALWAYS_SEARCH_USER_PATHS = NO;
				CLANG_ANALYZER_NONNULL = YES;
				CLANG_ANALYZER_NUMBER_OBJECT_CONVERSION = YES_AGGRESSIVE;
				CLANG_CXX_LANGUAGE_STANDARD = "gnu++14";
				CLANG_CXX_LIBRARY = "libc++";
				CLANG_ENABLE_MODULES = YES;
				CLANG_ENABLE_OBJC_ARC = YES;
				CLANG_ENABLE_OBJC_WEAK = YES;
				CLANG_WARN_BLOCK_CAPTURE_AUTORELEASING = YES;
				CLANG_WARN_BOOL_CONVERSION = YES;
				CLANG_WARN_COMMA = YES;
				CLANG_WARN_CONSTANT_CONVERSION = YES;
				CLANG_WARN_DEPRECATED_OBJC_IMPLEMENTATIONS = YES;
				CLANG_WARN_DIRECT_OBJC_ISA_USAGE = YES_ERROR;
				CLANG_WARN_DOCUMENTATION_COMMENTS = YES;
				CLANG_WARN_EMPTY_BODY = YES;
				CLANG_WARN_ENUM_CONVERSION = YES;
				CLANG_WARN_INFINITE_RECURSION = YES;
				CLANG_WARN_INT_CONVERSION = YES;
				CLANG_WARN_NON_LITERAL_NULL_CONVERSION = YES;
				CLANG_WARN_OBJC_IMPLICIT_RETAIN_SELF = YES;
				CLANG_WARN_OBJC_LITERAL_CONVERSION = YES;
				CLANG_WARN_OBJC_ROOT_CLASS = YES_ERROR;
				CLANG_WARN_QUOTED_INCLUDE_IN_FRAMEWORK_HEADER = YES;
				CLANG_WARN_RANGE_LOOP_ANALYSIS = YES;
				CLANG_WARN_STRICT_PROTOTYPES = YES;
				CLANG_WARN_SUSPICIOUS_MOVE = YES;
				CLANG_WARN_UNGUARDED_AVAILABILITY = YES_AGGRESSIVE;
				CLANG_WARN_UNREACHABLE_CODE = YES;
				CLANG_WARN__DUPLICATE_METHOD_MATCH = YES;
				COPY_PHASE_STRIP = NO;
				DEBUG_INFORMATION_FORMAT = dwarf;
				ENABLE_STRICT_OBJC_MSGSEND = YES;
				ENABLE_TESTABILITY = YES;
				GCC_C_LANGUAGE_STANDARD = gnu11;
				GCC_DYNAMIC_NO_PIC = NO;
				GCC_NO_COMMON_BLOCKS = YES;
				GCC_OPTIMIZATION_LEVEL = 0;
				GCC_PREPROCESSOR_DEFINITIONS = (
					"DEBUG=1",
					"$(inherited)",
				);
				GCC_WARN_64_TO_32_BIT_CONVERSION = YES;
				GCC_WARN_ABOUT_RETURN_TYPE = YES_ERROR;
				GCC_WARN_UNDECLARED_SELECTOR = YES;
				GCC_WARN_UNINITIALIZED_AUTOS = YES_AGGRESSIVE;
				GCC_WARN_UNUSED_FUNCTION = YES;
				GCC_WARN_UNUSED_VARIABLE = YES;
				IPHONEOS_DEPLOYMENT_TARGET = 14.5;
				MTL_ENABLE_DEBUG_INFO = INCLUDE_SOURCE;
				MTL_FAST_MATH = YES;
				ONLY_ACTIVE_ARCH = YES;
				SDKROOT = iphoneos;
				SWIFT_ACTIVE_COMPILATION_CONDITIONS = DEBUG;
				SWIFT_OPTIMIZATION_LEVEL = "-Onone";
			};
			name = Debug;
		};
		539DD3CA26F2D0C500338982 /* Release */ = {
			isa = XCBuildConfiguration;
			buildSettings = {
				ALWAYS_SEARCH_USER_PATHS = NO;
				CLANG_ANALYZER_NONNULL = YES;
				CLANG_ANALYZER_NUMBER_OBJECT_CONVERSION = YES_AGGRESSIVE;
				CLANG_CXX_LANGUAGE_STANDARD = "gnu++14";
				CLANG_CXX_LIBRARY = "libc++";
				CLANG_ENABLE_MODULES = YES;
				CLANG_ENABLE_OBJC_ARC = YES;
				CLANG_ENABLE_OBJC_WEAK = YES;
				CLANG_WARN_BLOCK_CAPTURE_AUTORELEASING = YES;
				CLANG_WARN_BOOL_CONVERSION = YES;
				CLANG_WARN_COMMA = YES;
				CLANG_WARN_CONSTANT_CONVERSION = YES;
				CLANG_WARN_DEPRECATED_OBJC_IMPLEMENTATIONS = YES;
				CLANG_WARN_DIRECT_OBJC_ISA_USAGE = YES_ERROR;
				CLANG_WARN_DOCUMENTATION_COMMENTS = YES;
				CLANG_WARN_EMPTY_BODY = YES;
				CLANG_WARN_ENUM_CONVERSION = YES;
				CLANG_WARN_INFINITE_RECURSION = YES;
				CLANG_WARN_INT_CONVERSION = YES;
				CLANG_WARN_NON_LITERAL_NULL_CONVERSION = YES;
				CLANG_WARN_OBJC_IMPLICIT_RETAIN_SELF = YES;
				CLANG_WARN_OBJC_LITERAL_CONVERSION = YES;
				CLANG_WARN_OBJC_ROOT_CLASS = YES_ERROR;
				CLANG_WARN_QUOTED_INCLUDE_IN_FRAMEWORK_HEADER = YES;
				CLANG_WARN_RANGE_LOOP_ANALYSIS = YES;
				CLANG_WARN_STRICT_PROTOTYPES = YES;
				CLANG_WARN_SUSPICIOUS_MOVE = YES;
				CLANG_WARN_UNGUARDED_AVAILABILITY = YES_AGGRESSIVE;
				CLANG_WARN_UNREACHABLE_CODE = YES;
				CLANG_WARN__DUPLICATE_METHOD_MATCH = YES;
				COPY_PHASE_STRIP = NO;
				DEBUG_INFORMATION_FORMAT = "dwarf-with-dsym";
				ENABLE_NS_ASSERTIONS = NO;
				ENABLE_STRICT_OBJC_MSGSEND = YES;
				GCC_C_LANGUAGE_STANDARD = gnu11;
				GCC_NO_COMMON_BLOCKS = YES;
				GCC_WARN_64_TO_32_BIT_CONVERSION = YES;
				GCC_WARN_ABOUT_RETURN_TYPE = YES_ERROR;
				GCC_WARN_UNDECLARED_SELECTOR = YES;
				GCC_WARN_UNINITIALIZED_AUTOS = YES_AGGRESSIVE;
				GCC_WARN_UNUSED_FUNCTION = YES;
				GCC_WARN_UNUSED_VARIABLE = YES;
				IPHONEOS_DEPLOYMENT_TARGET = 14.5;
				MTL_ENABLE_DEBUG_INFO = NO;
				MTL_FAST_MATH = YES;
				SDKROOT = iphoneos;
				SWIFT_COMPILATION_MODE = wholemodule;
				SWIFT_OPTIMIZATION_LEVEL = "-O";
				VALIDATE_PRODUCT = YES;
			};
			name = Release;
		};
		539DD3CC26F2D0C500338982 /* Debug */ = {
			isa = XCBuildConfiguration;
			buildSettings = {
				ASSETCATALOG_COMPILER_APPICON_NAME = AppIcon;
				ASSETCATALOG_COMPILER_GLOBAL_ACCENT_COLOR_NAME = AccentColor;
				CODE_SIGN_STYLE = Automatic;
				INFOPLIST_FILE = MadLibsDemo/Info.plist;
				LD_RUNPATH_SEARCH_PATHS = (
					"$(inherited)",
					"@executable_path/Frameworks",
				);
				PRODUCT_BUNDLE_IDENTIFIER = edu.usc.MadLibsDemo;
				PRODUCT_NAME = "$(TARGET_NAME)";
				SWIFT_VERSION = 5.0;
				TARGETED_DEVICE_FAMILY = "1,2";
			};
			name = Debug;
		};
		539DD3CD26F2D0C500338982 /* Release */ = {
			isa = XCBuildConfiguration;
			buildSettings = {
				ASSETCATALOG_COMPILER_APPICON_NAME = AppIcon;
				ASSETCATALOG_COMPILER_GLOBAL_ACCENT_COLOR_NAME = AccentColor;
				CODE_SIGN_STYLE = Automatic;
				INFOPLIST_FILE = MadLibsDemo/Info.plist;
				LD_RUNPATH_SEARCH_PATHS = (
					"$(inherited)",
					"@executable_path/Frameworks",
				);
				PRODUCT_BUNDLE_IDENTIFIER = edu.usc.MadLibsDemo;
				PRODUCT_NAME = "$(TARGET_NAME)";
				SWIFT_VERSION = 5.0;
				TARGETED_DEVICE_FAMILY = "1,2";
			};
			name = Release;
		};
/* End XCBuildConfiguration section */

/* Begin XCConfigurationList section */
		539DD3B226F2D0C200338982 /* Build configuration list for PBXProject "MadLibsDemo" */ = {
			isa = XCConfigurationList;
			buildConfigurations = (
				539DD3C926F2D0C500338982 /* Debug */,
				539DD3CA26F2D0C500338982 /* Release */,
			);
			defaultConfigurationIsVisible = 0;
			defaultConfigurationName = Release;
		};
		539DD3CB26F2D0C500338982 /* Build configuration list for PBXNativeTarget "MadLibsDemo" */ = {
			isa = XCConfigurationList;
			buildConfigurations = (
				539DD3CC26F2D0C500338982 /* Debug */,
				539DD3CD26F2D0C500338982 /* Release */,
			);
			defaultConfigurationIsVisible = 0;
			defaultConfigurationName = Release;
		};
/* End XCConfigurationList section */
	};
	rootObject = 539DD3AF26F2D0C200338982 /* Project object */;
}
