// !$*UTF8*$!
{
	archiveVersion = 1;
	classes = {
	};
	objectVersion = 55;
	objects = {

/* Begin PBXBuildFile section */
		4A096B262703A6C200FCC117 /* AppDelegate.swift in Sources */ = {isa = PBXBuildFile; fileRef = 4A096B252703A6C200FCC117 /* AppDelegate.swift */; };
		4A096B282703A6C200FCC117 /* SceneDelegate.swift in Sources */ = {isa = PBXBuildFile; fileRef = 4A096B272703A6C200FCC117 /* SceneDelegate.swift */; };
		4A096B2A2703A6C200FCC117 /* ViewController.swift in Sources */ = {isa = PBXBuildFile; fileRef = 4A096B292703A6C200FCC117 /* ViewController.swift */; };
		4A096B2D2703A6C200FCC117 /* Main.storyboard in Resources */ = {isa = PBXBuildFile; fileRef = 4A096B2B2703A6C200FCC117 /* Main.storyboard */; };
		4A096B2F2703A6C400FCC117 /* Assets.xcassets in Resources */ = {isa = PBXBuildFile; fileRef = 4A096B2E2703A6C400FCC117 /* Assets.xcassets */; };
		4A096B322703A6C400FCC117 /* LaunchScreen.storyboard in Resources */ = {isa = PBXBuildFile; fileRef = 4A096B302703A6C400FCC117 /* LaunchScreen.storyboard */; };
		4A096B3D2703A6C400FCC117 /* Week5_Wednesday_DelegationTests.swift in Sources */ = {isa = PBXBuildFile; fileRef = 4A096B3C2703A6C400FCC117 /* Week5_Wednesday_DelegationTests.swift */; };
		4A096B472703A6C400FCC117 /* Week5_Wednesday_DelegationUITests.swift in Sources */ = {isa = PBXBuildFile; fileRef = 4A096B462703A6C400FCC117 /* Week5_Wednesday_DelegationUITests.swift */; };
		4A096B492703A6C400FCC117 /* Week5_Wednesday_DelegationUITestsLaunchTests.swift in Sources */ = {isa = PBXBuildFile; fileRef = 4A096B482703A6C400FCC117 /* Week5_Wednesday_DelegationUITestsLaunchTests.swift */; };
/* End PBXBuildFile section */

/* Begin PBXContainerItemProxy section */
		4A096B392703A6C400FCC117 /* PBXContainerItemProxy */ = {
			isa = PBXContainerItemProxy;
			containerPortal = 4A096B1A2703A6C200FCC117 /* Project object */;
			proxyType = 1;
			remoteGlobalIDString = 4A096B212703A6C200FCC117;
			remoteInfo = Week5.Wednesday.Delegation;
		};
		4A096B432703A6C400FCC117 /* PBXContainerItemProxy */ = {
			isa = PBXContainerItemProxy;
			containerPortal = 4A096B1A2703A6C200FCC117 /* Project object */;
			proxyType = 1;
			remoteGlobalIDString = 4A096B212703A6C200FCC117;
			remoteInfo = Week5.Wednesday.Delegation;
		};
/* End PBXContainerItemProxy section */

/* Begin PBXFileReference section */
		4A096B222703A6C200FCC117 /* Week5.Wednesday.Delegation.app */ = {isa = PBXFileReference; explicitFileType = wrapper.application; includeInIndex = 0; path = Week5.Wednesday.Delegation.app; sourceTree = BUILT_PRODUCTS_DIR; };
		4A096B252703A6C200FCC117 /* AppDelegate.swift */ = {isa = PBXFileReference; lastKnownFileType = sourcecode.swift; path = AppDelegate.swift; sourceTree = "<group>"; };
		4A096B272703A6C200FCC117 /* SceneDelegate.swift */ = {isa = PBXFileReference; lastKnownFileType = sourcecode.swift; path = SceneDelegate.swift; sourceTree = "<group>"; };
		4A096B292703A6C200FCC117 /* ViewController.swift */ = {isa = PBXFileReference; lastKnownFileType = sourcecode.swift; path = ViewController.swift; sourceTree = "<group>"; };
		4A096B2C2703A6C200FCC117 /* Base */ = {isa = PBXFileReference; lastKnownFileType = file.storyboard; name = Base; path = Base.lproj/Main.storyboard; sourceTree = "<group>"; };
		4A096B2E2703A6C400FCC117 /* Assets.xcassets */ = {isa = PBXFileReference; lastKnownFileType = folder.assetcatalog; path = Assets.xcassets; sourceTree = "<group>"; };
		4A096B312703A6C400FCC117 /* Base */ = {isa = PBXFileReference; lastKnownFileType = file.storyboard; name = Base; path = Base.lproj/LaunchScreen.storyboard; sourceTree = "<group>"; };
		4A096B332703A6C400FCC117 /* Info.plist */ = {isa = PBXFileReference; lastKnownFileType = text.plist.xml; path = Info.plist; sourceTree = "<group>"; };
		4A096B382703A6C400FCC117 /* Week5.Wednesday.DelegationTests.xctest */ = {isa = PBXFileReference; explicitFileType = wrapper.cfbundle; includeInIndex = 0; path = Week5.Wednesday.DelegationTests.xctest; sourceTree = BUILT_PRODUCTS_DIR; };
		4A096B3C2703A6C400FCC117 /* Week5_Wednesday_DelegationTests.swift */ = {isa = PBXFileReference; lastKnownFileType = sourcecode.swift; path = Week5_Wednesday_DelegationTests.swift; sourceTree = "<group>"; };
		4A096B422703A6C400FCC117 /* Week5.Wednesday.DelegationUITests.xctest */ = {isa = PBXFileReference; explicitFileType = wrapper.cfbundle; includeInIndex = 0; path = Week5.Wednesday.DelegationUITests.xctest; sourceTree = BUILT_PRODUCTS_DIR; };
		4A096B462703A6C400FCC117 /* Week5_Wednesday_DelegationUITests.swift */ = {isa = PBXFileReference; lastKnownFileType = sourcecode.swift; path = Week5_Wednesday_DelegationUITests.swift; sourceTree = "<group>"; };
		4A096B482703A6C400FCC117 /* Week5_Wednesday_DelegationUITestsLaunchTests.swift */ = {isa = PBXFileReference; lastKnownFileType = sourcecode.swift; path = Week5_Wednesday_DelegationUITestsLaunchTests.swift; sourceTree = "<group>"; };
/* End PBXFileReference section */

/* Begin PBXFrameworksBuildPhase section */
		4A096B1F2703A6C200FCC117 /* Frameworks */ = {
			isa = PBXFrameworksBuildPhase;
			buildActionMask = 2147483647;
			files = (
			);
			runOnlyForDeploymentPostprocessing = 0;
		};
		4A096B352703A6C400FCC117 /* Frameworks */ = {
			isa = PBXFrameworksBuildPhase;
			buildActionMask = 2147483647;
			files = (
			);
			runOnlyForDeploymentPostprocessing = 0;
		};
		4A096B3F2703A6C400FCC117 /* Frameworks */ = {
			isa = PBXFrameworksBuildPhase;
			buildActionMask = 2147483647;
			files = (
			);
			runOnlyForDeploymentPostprocessing = 0;
		};
/* End PBXFrameworksBuildPhase section */

/* Begin PBXGroup section */
		4A096B192703A6C200FCC117 = {
			isa = PBXGroup;
			children = (
				4A096B242703A6C200FCC117 /* Week5.Wednesday.Delegation */,
				4A096B3B2703A6C400FCC117 /* Week5.Wednesday.DelegationTests */,
				4A096B452703A6C400FCC117 /* Week5.Wednesday.DelegationUITests */,
				4A096B232703A6C200FCC117 /* Products */,
			);
			sourceTree = "<group>";
		};
		4A096B232703A6C200FCC117 /* Products */ = {
			isa = PBXGroup;
			children = (
				4A096B222703A6C200FCC117 /* Week5.Wednesday.Delegation.app */,
				4A096B382703A6C400FCC117 /* Week5.Wednesday.DelegationTests.xctest */,
				4A096B422703A6C400FCC117 /* Week5.Wednesday.DelegationUITests.xctest */,
			);
			name = Products;
			sourceTree = "<group>";
		};
		4A096B242703A6C200FCC117 /* Week5.Wednesday.Delegation */ = {
			isa = PBXGroup;
			children = (
				4A096B252703A6C200FCC117 /* AppDelegate.swift */,
				4A096B272703A6C200FCC117 /* SceneDelegate.swift */,
				4A096B292703A6C200FCC117 /* ViewController.swift */,
				4A096B2B2703A6C200FCC117 /* Main.storyboard */,
				4A096B2E2703A6C400FCC117 /* Assets.xcassets */,
				4A096B302703A6C400FCC117 /* LaunchScreen.storyboard */,
				4A096B332703A6C400FCC117 /* Info.plist */,
			);
			path = Week5.Wednesday.Delegation;
			sourceTree = "<group>";
		};
		4A096B3B2703A6C400FCC117 /* Week5.Wednesday.DelegationTests */ = {
			isa = PBXGroup;
			children = (
				4A096B3C2703A6C400FCC117 /* Week5_Wednesday_DelegationTests.swift */,
			);
			path = Week5.Wednesday.DelegationTests;
			sourceTree = "<group>";
		};
		4A096B452703A6C400FCC117 /* Week5.Wednesday.DelegationUITests */ = {
			isa = PBXGroup;
			children = (
				4A096B462703A6C400FCC117 /* Week5_Wednesday_DelegationUITests.swift */,
				4A096B482703A6C400FCC117 /* Week5_Wednesday_DelegationUITestsLaunchTests.swift */,
			);
			path = Week5.Wednesday.DelegationUITests;
			sourceTree = "<group>";
		};
/* End PBXGroup section */

/* Begin PBXNativeTarget section */
		4A096B212703A6C200FCC117 /* Week5.Wednesday.Delegation */ = {
			isa = PBXNativeTarget;
			buildConfigurationList = 4A096B4C2703A6C400FCC117 /* Build configuration list for PBXNativeTarget "Week5.Wednesday.Delegation" */;
			buildPhases = (
				4A096B1E2703A6C200FCC117 /* Sources */,
				4A096B1F2703A6C200FCC117 /* Frameworks */,
				4A096B202703A6C200FCC117 /* Resources */,
			);
			buildRules = (
			);
			dependencies = (
			);
			name = Week5.Wednesday.Delegation;
			productName = Week5.Wednesday.Delegation;
			productReference = 4A096B222703A6C200FCC117 /* Week5.Wednesday.Delegation.app */;
			productType = "com.apple.product-type.application";
		};
		4A096B372703A6C400FCC117 /* Week5.Wednesday.DelegationTests */ = {
			isa = PBXNativeTarget;
			buildConfigurationList = 4A096B4F2703A6C400FCC117 /* Build configuration list for PBXNativeTarget "Week5.Wednesday.DelegationTests" */;
			buildPhases = (
				4A096B342703A6C400FCC117 /* Sources */,
				4A096B352703A6C400FCC117 /* Frameworks */,
				4A096B362703A6C400FCC117 /* Resources */,
			);
			buildRules = (
			);
			dependencies = (
				4A096B3A2703A6C400FCC117 /* PBXTargetDependency */,
			);
			name = Week5.Wednesday.DelegationTests;
			productName = Week5.Wednesday.DelegationTests;
			productReference = 4A096B382703A6C400FCC117 /* Week5.Wednesday.DelegationTests.xctest */;
			productType = "com.apple.product-type.bundle.unit-test";
		};
		4A096B412703A6C400FCC117 /* Week5.Wednesday.DelegationUITests */ = {
			isa = PBXNativeTarget;
			buildConfigurationList = 4A096B522703A6C400FCC117 /* Build configuration list for PBXNativeTarget "Week5.Wednesday.DelegationUITests" */;
			buildPhases = (
				4A096B3E2703A6C400FCC117 /* Sources */,
				4A096B3F2703A6C400FCC117 /* Frameworks */,
				4A096B402703A6C400FCC117 /* Resources */,
			);
			buildRules = (
			);
			dependencies = (
				4A096B442703A6C400FCC117 /* PBXTargetDependency */,
			);
			name = Week5.Wednesday.DelegationUITests;
			productName = Week5.Wednesday.DelegationUITests;
			productReference = 4A096B422703A6C400FCC117 /* Week5.Wednesday.DelegationUITests.xctest */;
			productType = "com.apple.product-type.bundle.ui-testing";
		};
/* End PBXNativeTarget section */

/* Begin PBXProject section */
		4A096B1A2703A6C200FCC117 /* Project object */ = {
			isa = PBXProject;
			attributes = {
				BuildIndependentTargetsInParallel = 1;
				LastSwiftUpdateCheck = 1300;
				LastUpgradeCheck = 1300;
				TargetAttributes = {
					4A096B212703A6C200FCC117 = {
						CreatedOnToolsVersion = 13.0;
					};
					4A096B372703A6C400FCC117 = {
						CreatedOnToolsVersion = 13.0;
						TestTargetID = 4A096B212703A6C200FCC117;
					};
					4A096B412703A6C400FCC117 = {
						CreatedOnToolsVersion = 13.0;
						TestTargetID = 4A096B212703A6C200FCC117;
					};
				};
			};
			buildConfigurationList = 4A096B1D2703A6C200FCC117 /* Build configuration list for PBXProject "Week5.Wednesday.Delegation" */;
			compatibilityVersion = "Xcode 13.0";
			developmentRegion = en;
			hasScannedForEncodings = 0;
			knownRegions = (
				en,
				Base,
			);
			mainGroup = 4A096B192703A6C200FCC117;
			productRefGroup = 4A096B232703A6C200FCC117 /* Products */;
			projectDirPath = "";
			projectRoot = "";
			targets = (
				4A096B212703A6C200FCC117 /* Week5.Wednesday.Delegation */,
				4A096B372703A6C400FCC117 /* Week5.Wednesday.DelegationTests */,
				4A096B412703A6C400FCC117 /* Week5.Wednesday.DelegationUITests */,
			);
		};
/* End PBXProject section */

/* Begin PBXResourcesBuildPhase section */
		4A096B202703A6C200FCC117 /* Resources */ = {
			isa = PBXResourcesBuildPhase;
			buildActionMask = 2147483647;
			files = (
				4A096B322703A6C400FCC117 /* LaunchScreen.storyboard in Resources */,
				4A096B2F2703A6C400FCC117 /* Assets.xcassets in Resources */,
				4A096B2D2703A6C200FCC117 /* Main.storyboard in Resources */,
			);
			runOnlyForDeploymentPostprocessing = 0;
		};
		4A096B362703A6C400FCC117 /* Resources */ = {
			isa = PBXResourcesBuildPhase;
			buildActionMask = 2147483647;
			files = (
			);
			runOnlyForDeploymentPostprocessing = 0;
		};
		4A096B402703A6C400FCC117 /* Resources */ = {
			isa = PBXResourcesBuildPhase;
			buildActionMask = 2147483647;
			files = (
			);
			runOnlyForDeploymentPostprocessing = 0;
		};
/* End PBXResourcesBuildPhase section */

/* Begin PBXSourcesBuildPhase section */
		4A096B1E2703A6C200FCC117 /* Sources */ = {
			isa = PBXSourcesBuildPhase;
			buildActionMask = 2147483647;
			files = (
				4A096B2A2703A6C200FCC117 /* ViewController.swift in Sources */,
				4A096B262703A6C200FCC117 /* AppDelegate.swift in Sources */,
				4A096B282703A6C200FCC117 /* SceneDelegate.swift in Sources */,
			);
			runOnlyForDeploymentPostprocessing = 0;
		};
		4A096B342703A6C400FCC117 /* Sources */ = {
			isa = PBXSourcesBuildPhase;
			buildActionMask = 2147483647;
			files = (
				4A096B3D2703A6C400FCC117 /* Week5_Wednesday_DelegationTests.swift in Sources */,
			);
			runOnlyForDeploymentPostprocessing = 0;
		};
		4A096B3E2703A6C400FCC117 /* Sources */ = {
			isa = PBXSourcesBuildPhase;
			buildActionMask = 2147483647;
			files = (
				4A096B472703A6C400FCC117 /* Week5_Wednesday_DelegationUITests.swift in Sources */,
				4A096B492703A6C400FCC117 /* Week5_Wednesday_DelegationUITestsLaunchTests.swift in Sources */,
			);
			runOnlyForDeploymentPostprocessing = 0;
		};
/* End PBXSourcesBuildPhase section */

/* Begin PBXTargetDependency section */
		4A096B3A2703A6C400FCC117 /* PBXTargetDependency */ = {
			isa = PBXTargetDependency;
			target = 4A096B212703A6C200FCC117 /* Week5.Wednesday.Delegation */;
			targetProxy = 4A096B392703A6C400FCC117 /* PBXContainerItemProxy */;
		};
		4A096B442703A6C400FCC117 /* PBXTargetDependency */ = {
			isa = PBXTargetDependency;
			target = 4A096B212703A6C200FCC117 /* Week5.Wednesday.Delegation */;
			targetProxy = 4A096B432703A6C400FCC117 /* PBXContainerItemProxy */;
		};
/* End PBXTargetDependency section */

/* Begin PBXVariantGroup section */
		4A096B2B2703A6C200FCC117 /* Main.storyboard */ = {
			isa = PBXVariantGroup;
			children = (
				4A096B2C2703A6C200FCC117 /* Base */,
			);
			name = Main.storyboard;
			sourceTree = "<group>";
		};
		4A096B302703A6C400FCC117 /* LaunchScreen.storyboard */ = {
			isa = PBXVariantGroup;
			children = (
				4A096B312703A6C400FCC117 /* Base */,
			);
			name = LaunchScreen.storyboard;
			sourceTree = "<group>";
		};
/* End PBXVariantGroup section */

/* Begin XCBuildConfiguration section */
		4A096B4A2703A6C400FCC117 /* Debug */ = {
			isa = XCBuildConfiguration;
			buildSettings = {
				ALWAYS_SEARCH_USER_PATHS = NO;
				CLANG_ANALYZER_NONNULL = YES;
				CLANG_ANALYZER_NUMBER_OBJECT_CONVERSION = YES_AGGRESSIVE;
				CLANG_CXX_LANGUAGE_STANDARD = "gnu++17";
				CLANG_CXX_LIBRARY = "libc++";
				CLANG_ENABLE_MODULES = YES;
				CLANG_ENABLE_OBJC_ARC = YES;
				CLANG_ENABLE_OBJC_WEAK = YES;
				CLANG_WARN_BLOCK_CAPTURE_AUTORELEASING = YES;
				CLANG_WARN_BOOL_CONVERSION = YES;
				CLANG_WARN_COMMA = YES;
				CLANG_WARN_CONSTANT_CONVERSION = YES;
				CLANG_WARN_DEPRECATED_OBJC_IMPLEMENTATIONS = YES;
				CLANG_WARN_DIRECT_OBJC_ISA_USAGE = YES_ERROR;
				CLANG_WARN_DOCUMENTATION_COMMENTS = YES;
				CLANG_WARN_EMPTY_BODY = YES;
				CLANG_WARN_ENUM_CONVERSION = YES;
				CLANG_WARN_INFINITE_RECURSION = YES;
				CLANG_WARN_INT_CONVERSION = YES;
				CLANG_WARN_NON_LITERAL_NULL_CONVERSION = YES;
				CLANG_WARN_OBJC_IMPLICIT_RETAIN_SELF = YES;
				CLANG_WARN_OBJC_LITERAL_CONVERSION = YES;
				CLANG_WARN_OBJC_ROOT_CLASS = YES_ERROR;
				CLANG_WARN_QUOTED_INCLUDE_IN_FRAMEWORK_HEADER = YES;
				CLANG_WARN_RANGE_LOOP_ANALYSIS = YES;
				CLANG_WARN_STRICT_PROTOTYPES = YES;
				CLANG_WARN_SUSPICIOUS_MOVE = YES;
				CLANG_WARN_UNGUARDED_AVAILABILITY = YES_AGGRESSIVE;
				CLANG_WARN_UNREACHABLE_CODE = YES;
				CLANG_WARN__DUPLICATE_METHOD_MATCH = YES;
				COPY_PHASE_STRIP = NO;
				DEBUG_INFORMATION_FORMAT = dwarf;
				ENABLE_STRICT_OBJC_MSGSEND = YES;
				ENABLE_TESTABILITY = YES;
				GCC_C_LANGUAGE_STANDARD = gnu11;
				GCC_DYNAMIC_NO_PIC = NO;
				GCC_NO_COMMON_BLOCKS = YES;
				GCC_OPTIMIZATION_LEVEL = 0;
				GCC_PREPROCESSOR_DEFINITIONS = (
					"DEBUG=1",
					"$(inherited)",
				);
				GCC_WARN_64_TO_32_BIT_CONVERSION = YES;
				GCC_WARN_ABOUT_RETURN_TYPE = YES_ERROR;
				GCC_WARN_UNDECLARED_SELECTOR = YES;
				GCC_WARN_UNINITIALIZED_AUTOS = YES_AGGRESSIVE;
				GCC_WARN_UNUSED_FUNCTION = YES;
				GCC_WARN_UNUSED_VARIABLE = YES;
				IPHONEOS_DEPLOYMENT_TARGET = 15.0;
				MTL_ENABLE_DEBUG_INFO = INCLUDE_SOURCE;
				MTL_FAST_MATH = YES;
				ONLY_ACTIVE_ARCH = YES;
				SDKROOT = iphoneos;
				SWIFT_ACTIVE_COMPILATION_CONDITIONS = DEBUG;
				SWIFT_OPTIMIZATION_LEVEL = "-Onone";
			};
			name = Debug;
		};
		4A096B4B2703A6C400FCC117 /* Release */ = {
			isa = XCBuildConfiguration;
			buildSettings = {
				ALWAYS_SEARCH_USER_PATHS = NO;
				CLANG_ANALYZER_NONNULL = YES;
				CLANG_ANALYZER_NUMBER_OBJECT_CONVERSION = YES_AGGRESSIVE;
				CLANG_CXX_LANGUAGE_STANDARD = "gnu++17";
				CLANG_CXX_LIBRARY = "libc++";
				CLANG_ENABLE_MODULES = YES;
				CLANG_ENABLE_OBJC_ARC = YES;
				CLANG_ENABLE_OBJC_WEAK = YES;
				CLANG_WARN_BLOCK_CAPTURE_AUTORELEASING = YES;
				CLANG_WARN_BOOL_CONVERSION = YES;
				CLANG_WARN_COMMA = YES;
				CLANG_WARN_CONSTANT_CONVERSION = YES;
				CLANG_WARN_DEPRECATED_OBJC_IMPLEMENTATIONS = YES;
				CLANG_WARN_DIRECT_OBJC_ISA_USAGE = YES_ERROR;
				CLANG_WARN_DOCUMENTATION_COMMENTS = YES;
				CLANG_WARN_EMPTY_BODY = YES;
				CLANG_WARN_ENUM_CONVERSION = YES;
				CLANG_WARN_INFINITE_RECURSION = YES;
				CLANG_WARN_INT_CONVERSION = YES;
				CLANG_WARN_NON_LITERAL_NULL_CONVERSION = YES;
				CLANG_WARN_OBJC_IMPLICIT_RETAIN_SELF = YES;
				CLANG_WARN_OBJC_LITERAL_CONVERSION = YES;
				CLANG_WARN_OBJC_ROOT_CLASS = YES_ERROR;
				CLANG_WARN_QUOTED_INCLUDE_IN_FRAMEWORK_HEADER = YES;
				CLANG_WARN_RANGE_LOOP_ANALYSIS = YES;
				CLANG_WARN_STRICT_PROTOTYPES = YES;
				CLANG_WARN_SUSPICIOUS_MOVE = YES;
				CLANG_WARN_UNGUARDED_AVAILABILITY = YES_AGGRESSIVE;
				CLANG_WARN_UNREACHABLE_CODE = YES;
				CLANG_WARN__DUPLICATE_METHOD_MATCH = YES;
				COPY_PHASE_STRIP = NO;
				DEBUG_INFORMATION_FORMAT = "dwarf-with-dsym";
				ENABLE_NS_ASSERTIONS = NO;
				ENABLE_STRICT_OBJC_MSGSEND = YES;
				GCC_C_LANGUAGE_STANDARD = gnu11;
				GCC_NO_COMMON_BLOCKS = YES;
				GCC_WARN_64_TO_32_BIT_CONVERSION = YES;
				GCC_WARN_ABOUT_RETURN_TYPE = YES_ERROR;
				GCC_WARN_UNDECLARED_SELECTOR = YES;
				GCC_WARN_UNINITIALIZED_AUTOS = YES_AGGRESSIVE;
				GCC_WARN_UNUSED_FUNCTION = YES;
				GCC_WARN_UNUSED_VARIABLE = YES;
				IPHONEOS_DEPLOYMENT_TARGET = 15.0;
				MTL_ENABLE_DEBUG_INFO = NO;
				MTL_FAST_MATH = YES;
				SDKROOT = iphoneos;
				SWIFT_COMPILATION_MODE = wholemodule;
				SWIFT_OPTIMIZATION_LEVEL = "-O";
				VALIDATE_PRODUCT = YES;
			};
			name = Release;
		};
		4A096B4D2703A6C400FCC117 /* Debug */ = {
			isa = XCBuildConfiguration;
			buildSettings = {
				ASSETCATALOG_COMPILER_APPICON_NAME = AppIcon;
				ASSETCATALOG_COMPILER_GLOBAL_ACCENT_COLOR_NAME = AccentColor;
				CODE_SIGN_STYLE = Automatic;
				CURRENT_PROJECT_VERSION = 1;
				GENERATE_INFOPLIST_FILE = YES;
				INFOPLIST_FILE = Week5.Wednesday.Delegation/Info.plist;
				INFOPLIST_KEY_UIApplicationSupportsIndirectInputEvents = YES;
				INFOPLIST_KEY_UILaunchStoryboardName = LaunchScreen;
				INFOPLIST_KEY_UIMainStoryboardFile = Main;
				INFOPLIST_KEY_UISupportedInterfaceOrientations_iPad = "UIInterfaceOrientationPortrait UIInterfaceOrientationPortraitUpsideDown UIInterfaceOrientationLandscapeLeft UIInterfaceOrientationLandscapeRight";
				INFOPLIST_KEY_UISupportedInterfaceOrientations_iPhone = "UIInterfaceOrientationPortrait UIInterfaceOrientationLandscapeLeft UIInterfaceOrientationLandscapeRight";
				LD_RUNPATH_SEARCH_PATHS = (
					"$(inherited)",
					"@executable_path/Frameworks",
				);
				MARKETING_VERSION = 1.0;
				PRODUCT_BUNDLE_IDENTIFIER = "edu.usc.Week5-Wednesday-Delegation";
				PRODUCT_NAME = "$(TARGET_NAME)";
				SWIFT_EMIT_LOC_STRINGS = YES;
				SWIFT_VERSION = 5.0;
				TARGETED_DEVICE_FAMILY = "1,2";
			};
			name = Debug;
		};
		4A096B4E2703A6C400FCC117 /* Release */ = {
			isa = XCBuildConfiguration;
			buildSettings = {
				ASSETCATALOG_COMPILER_APPICON_NAME = AppIcon;
				ASSETCATALOG_COMPILER_GLOBAL_ACCENT_COLOR_NAME = AccentColor;
				CODE_SIGN_STYLE = Automatic;
				CURRENT_PROJECT_VERSION = 1;
				GENERATE_INFOPLIST_FILE = YES;
				INFOPLIST_FILE = Week5.Wednesday.Delegation/Info.plist;
				INFOPLIST_KEY_UIApplicationSupportsIndirectInputEvents = YES;
				INFOPLIST_KEY_UILaunchStoryboardName = LaunchScreen;
				INFOPLIST_KEY_UIMainStoryboardFile = Main;
				INFOPLIST_KEY_UISupportedInterfaceOrientations_iPad = "UIInterfaceOrientationPortrait UIInterfaceOrientationPortraitUpsideDown UIInterfaceOrientationLandscapeLeft UIInterfaceOrientationLandscapeRight";
				INFOPLIST_KEY_UISupportedInterfaceOrientations_iPhone = "UIInterfaceOrientationPortrait UIInterfaceOrientationLandscapeLeft UIInterfaceOrientationLandscapeRight";
				LD_RUNPATH_SEARCH_PATHS = (
					"$(inherited)",
					"@executable_path/Frameworks",
				);
				MARKETING_VERSION = 1.0;
				PRODUCT_BUNDLE_IDENTIFIER = "edu.usc.Week5-Wednesday-Delegation";
				PRODUCT_NAME = "$(TARGET_NAME)";
				SWIFT_EMIT_LOC_STRINGS = YES;
				SWIFT_VERSION = 5.0;
				TARGETED_DEVICE_FAMILY = "1,2";
			};
			name = Release;
		};
		4A096B502703A6C400FCC117 /* Debug */ = {
			isa = XCBuildConfiguration;
			buildSettings = {
				ALWAYS_EMBED_SWIFT_STANDARD_LIBRARIES = YES;
				BUNDLE_LOADER = "$(TEST_HOST)";
				CODE_SIGN_STYLE = Automatic;
				CURRENT_PROJECT_VERSION = 1;
				GENERATE_INFOPLIST_FILE = YES;
				IPHONEOS_DEPLOYMENT_TARGET = 15.0;
				LD_RUNPATH_SEARCH_PATHS = (
					"$(inherited)",
					"@executable_path/Frameworks",
					"@loader_path/Frameworks",
				);
				MARKETING_VERSION = 1.0;
				PRODUCT_BUNDLE_IDENTIFIER = "edu.usc.Week5-Wednesday-DelegationTests";
				PRODUCT_NAME = "$(TARGET_NAME)";
				SWIFT_EMIT_LOC_STRINGS = NO;
				SWIFT_VERSION = 5.0;
				TARGETED_DEVICE_FAMILY = "1,2";
				TEST_HOST = "$(BUILT_PRODUCTS_DIR)/Week5.Wednesday.Delegation.app/Week5.Wednesday.Delegation";
			};
			name = Debug;
		};
		4A096B512703A6C400FCC117 /* Release */ = {
			isa = XCBuildConfiguration;
			buildSettings = {
				ALWAYS_EMBED_SWIFT_STANDARD_LIBRARIES = YES;
				BUNDLE_LOADER = "$(TEST_HOST)";
				CODE_SIGN_STYLE = Automatic;
				CURRENT_PROJECT_VERSION = 1;
				GENERATE_INFOPLIST_FILE = YES;
				IPHONEOS_DEPLOYMENT_TARGET = 15.0;
				LD_RUNPATH_SEARCH_PATHS = (
					"$(inherited)",
					"@executable_path/Frameworks",
					"@loader_path/Frameworks",
				);
				MARKETING_VERSION = 1.0;
				PRODUCT_BUNDLE_IDENTIFIER = "edu.usc.Week5-Wednesday-DelegationTests";
				PRODUCT_NAME = "$(TARGET_NAME)";
				SWIFT_EMIT_LOC_STRINGS = NO;
				SWIFT_VERSION = 5.0;
				TARGETED_DEVICE_FAMILY = "1,2";
				TEST_HOST = "$(BUILT_PRODUCTS_DIR)/Week5.Wednesday.Delegation.app/Week5.Wednesday.Delegation";
			};
			name = Release;
		};
		4A096B532703A6C400FCC117 /* Debug */ = {
			isa = XCBuildConfiguration;
			buildSettings = {
				ALWAYS_EMBED_SWIFT_STANDARD_LIBRARIES = YES;
				CODE_SIGN_STYLE = Automatic;
				CURRENT_PROJECT_VERSION = 1;
				GENERATE_INFOPLIST_FILE = YES;
				LD_RUNPATH_SEARCH_PATHS = (
					"$(inherited)",
					"@executable_path/Frameworks",
					"@loader_path/Frameworks",
				);
				MARKETING_VERSION = 1.0;
				PRODUCT_BUNDLE_IDENTIFIER = "edu.usc.Week5-Wednesday-DelegationUITests";
				PRODUCT_NAME = "$(TARGET_NAME)";
				SWIFT_EMIT_LOC_STRINGS = NO;
				SWIFT_VERSION = 5.0;
				TARGETED_DEVICE_FAMILY = "1,2";
				TEST_TARGET_NAME = Week5.Wednesday.Delegation;
			};
			name = Debug;
		};
		4A096B542703A6C400FCC117 /* Release */ = {
			isa = XCBuildConfiguration;
			buildSettings = {
				ALWAYS_EMBED_SWIFT_STANDARD_LIBRARIES = YES;
				CODE_SIGN_STYLE = Automatic;
				CURRENT_PROJECT_VERSION = 1;
				GENERATE_INFOPLIST_FILE = YES;
				LD_RUNPATH_SEARCH_PATHS = (
					"$(inherited)",
					"@executable_path/Frameworks",
					"@loader_path/Frameworks",
				);
				MARKETING_VERSION = 1.0;
				PRODUCT_BUNDLE_IDENTIFIER = "edu.usc.Week5-Wednesday-DelegationUITests";
				PRODUCT_NAME = "$(TARGET_NAME)";
				SWIFT_EMIT_LOC_STRINGS = NO;
				SWIFT_VERSION = 5.0;
				TARGETED_DEVICE_FAMILY = "1,2";
				TEST_TARGET_NAME = Week5.Wednesday.Delegation;
			};
			name = Release;
		};
/* End XCBuildConfiguration section */

/* Begin XCConfigurationList section */
		4A096B1D2703A6C200FCC117 /* Build configuration list for PBXProject "Week5.Wednesday.Delegation" */ = {
			isa = XCConfigurationList;
			buildConfigurations = (
				4A096B4A2703A6C400FCC117 /* Debug */,
				4A096B4B2703A6C400FCC117 /* Release */,
			);
			defaultConfigurationIsVisible = 0;
			defaultConfigurationName = Release;
		};
		4A096B4C2703A6C400FCC117 /* Build configuration list for PBXNativeTarget "Week5.Wednesday.Delegation" */ = {
			isa = XCConfigurationList;
			buildConfigurations = (
				4A096B4D2703A6C400FCC117 /* Debug */,
				4A096B4E2703A6C400FCC117 /* Release */,
			);
			defaultConfigurationIsVisible = 0;
			defaultConfigurationName = Release;
		};
		4A096B4F2703A6C400FCC117 /* Build configuration list for PBXNativeTarget "Week5.Wednesday.DelegationTests" */ = {
			isa = XCConfigurationList;
			buildConfigurations = (
				4A096B502703A6C400FCC117 /* Debug */,
				4A096B512703A6C400FCC117 /* Release */,
			);
			defaultConfigurationIsVisible = 0;
			defaultConfigurationName = Release;
		};
		4A096B522703A6C400FCC117 /* Build configuration list for PBXNativeTarget "Week5.Wednesday.DelegationUITests" */ = {
			isa = XCConfigurationList;
			buildConfigurations = (
				4A096B532703A6C400FCC117 /* Debug */,
				4A096B542703A6C400FCC117 /* Release */,
			);
			defaultConfigurationIsVisible = 0;
			defaultConfigurationName = Release;
		};
/* End XCConfigurationList section */
	};
	rootObject = 4A096B1A2703A6C200FCC117 /* Project object */;
}
